
Microsoft Visual Studio Solution File, Format Version 12.00
# Visual Studio 15
VisualStudioVersion = 15.0.27703.2042
MinimumVisualStudioVersion = 10.0.40219.1
Project("{FAE04EC0-301F-11D3-BF4B-00C04F79EFBC}") = "run", "run\run.csproj", "{50D5A194-CF14-4C5F-A8C8-8F57EFEF01B1}"
EndProject
Project("{FAE04EC0-301F-11D3-BF4B-00C04F79EFBC}") = "src", "src\src.csproj", "{306D6DD5-32D5-43B1-89E9-A8EAB9EC4E99}"
EndProject
Project("{FAE04EC0-301F-11D3-BF4B-00C04F79EFBC}") = "test", "test\test.csproj", "{EC691806-E6EC-4B3F-8BA2-F33A424580EB}"
EndProject
Global
	GlobalSection(SolutionConfigurationPlatforms) = preSolution
		Debug|Any CPU = Debug|Any CPU
		Release|Any CPU = Release|Any CPU
	EndGlobalSection
	GlobalSection(ProjectConfigurationPlatforms) = postSolution
		{50D5A194-CF14-4C5F-A8C8-8F57EFEF01B1}.Debug|Any CPU.ActiveCfg = Debug|Any CPU
		{50D5A194-CF14-4C5F-A8C8-8F57EFEF01B1}.Debug|Any CPU.Build.0 = Debug|Any CPU
		{50D5A194-CF14-4C5F-A8C8-8F57EFEF01B1}.Release|Any CPU.ActiveCfg = Release|Any CPU
		{50D5A194-CF14-4C5F-A8C8-8F57EFEF01B1}.Release|Any CPU.Build.0 = Release|Any CPU
		{306D6DD5-32D5-43B1-89E9-A8EAB9EC4E99}.Debug|Any CPU.ActiveCfg = Debug|Any CPU
		{306D6DD5-32D5-43B1-89E9-A8EAB9EC4E99}.Debug|Any CPU.Build.0 = Debug|Any CPU
		{306D6DD5-32D5-43B1-89E9-A8EAB9EC4E99}.Release|Any CPU.ActiveCfg = Release|Any CPU
		{306D6DD5-32D5-43B1-89E9-A8EAB9EC4E99}.Release|Any CPU.Build.0 = Release|Any CPU
		{EC691806-E6EC-4B3F-8BA2-F33A424580EB}.Debug|Any CPU.ActiveCfg = Debug|Any CPU
		{EC691806-E6EC-4B3F-8BA2-F33A424580EB}.Debug|Any CPU.Build.0 = Debug|Any CPU
		{EC691806-E6EC-4B3F-8BA2-F33A424580EB}.Release|Any CPU.ActiveCfg = Release|Any CPU
		{EC691806-E6EC-4B3F-8BA2-F33A424580EB}.Release|Any CPU.Build.0 = Release|Any CPU
	EndGlobalSection
	GlobalSection(SolutionProperties) = preSolution
		HideSolutionNode = FALSE
	EndGlobalSection
	GlobalSection(ExtensibilityGlobals) = postSolution
		SolutionGuid = {6060A3E6-A377-4941-B388-F27DA81E3929}
	EndGlobalSection
EndGlobal
